{
  "lockfileVersion": 1,
  "workspaces": {
    "": {
      "name": "ipv4.army",
      "dependencies": {
        "@fontsource/roboto": "^5.2.5",
        "@fontsource/roboto-mono": "^5.2.5",
        "@material/material-color-utilities": "^0.3.0",
        "@mdui/icons": "^1.0.3",
        "@speed-highlight/core": "latest",
        "mdui": "^2.1.4",
        "reconnecting-websocket": "latest",
        "tsx-dom": "latest",
      },
      "devDependencies": {
        "@biomejs/biome": "^2.0.0-beta.4",
        "@types/bun": "latest",
        "rolldown": "^1.0.0-beta.8",
      },
      "peerDependencies": {
        "typescript": "^5.8.3",
      },
    },
  },
  "packages": {
    "@biomejs/biome": ["@biomejs/biome@2.0.0-beta.4", "", { "optionalDependencies": { "@biomejs/cli-darwin-arm64": "2.0.0-beta.4", "@biomejs/cli-darwin-x64": "2.0.0-beta.4", "@biomejs/cli-linux-arm64": "2.0.0-beta.4", "@biomejs/cli-linux-arm64-musl": "2.0.0-beta.4", "@biomejs/cli-linux-x64": "2.0.0-beta.4", "@biomejs/cli-linux-x64-musl": "2.0.0-beta.4", "@biomejs/cli-win32-arm64": "2.0.0-beta.4", "@biomejs/cli-win32-x64": "2.0.0-beta.4" }, "bin": { "biome": "bin/biome" } }, "sha512-xKdyKTTveVfNthvoyNPEsp+PXU3Iz1n4wgTQKWBEdqxgw4JpQ/W7gBBiLqjVtegEBCc4+sAp+MOA2UH9Tqfxpg=="],

    "@biomejs/cli-darwin-arm64": ["@biomejs/cli-darwin-arm64@2.0.0-beta.4", "", { "os": "darwin", "cpu": "arm64" }, "sha512-gELCMhP72d2ADWBev3Fc11YO9j7LdfMBGrPetwWtsYSNMiqP/ww5rXxHkodqu/J63PSw0M8oGJ1slZbF4QsuRA=="],

    "@biomejs/cli-darwin-x64": ["@biomejs/cli-darwin-x64@2.0.0-beta.4", "", { "os": "darwin", "cpu": "x64" }, "sha512-OnbNtCoG+Vhh3xuQcxnbeg1e54eBlyH6bhNc+7i2HS+diC3ntOtBttkV5menBzabktEGrE0d0L9ftwzuCL0zwQ=="],

    "@biomejs/cli-linux-arm64": ["@biomejs/cli-linux-arm64@2.0.0-beta.4", "", { "os": "linux", "cpu": "arm64" }, "sha512-IzSohzD68di/uoGzXMK9B8gJrhU7v2czPCJOLuZH1WgRmK4ejUzaGyi1JpNpFlP1mRtfAWfbJkYP57BUD+4mSA=="],

    "@biomejs/cli-linux-arm64-musl": ["@biomejs/cli-linux-arm64-musl@2.0.0-beta.4", "", { "os": "linux", "cpu": "arm64" }, "sha512-wZWLwJu/rwG5Z791lyhJI3Cu5JdkzIddU0wrIygFbYOIu4KyGPYIzAWX33HgtlmNfH0hVxByUke3J1Szzx9CjQ=="],

    "@biomejs/cli-linux-x64": ["@biomejs/cli-linux-x64@2.0.0-beta.4", "", { "os": "linux", "cpu": "x64" }, "sha512-71NQPwTg9T/p/cE/k6P7tCBJmeg8vR1+bP4w6ADBT55SVL4pSEyaOsZ3LDIUrV5jkISh8UQsuwxy9F29pHpeqg=="],

    "@biomejs/cli-linux-x64-musl": ["@biomejs/cli-linux-x64-musl@2.0.0-beta.4", "", { "os": "linux", "cpu": "x64" }, "sha512-OX6qS1jUYmk6+VtV1XWyDj2z5RS13JFv6ujEXLq1a3Cn86nzN5v/Dw/MuZYko3zAJ4BDNwlbNztvFVxmL1uWiA=="],

    "@biomejs/cli-win32-arm64": ["@biomejs/cli-win32-arm64@2.0.0-beta.4", "", { "os": "win32", "cpu": "arm64" }, "sha512-SBYQqhJ19EcPbGshEd8k98du9gbfBFUqbmgqnTT/METPn+WyqIEnYcWLudjd+ujYHuMHYpXqSYxh+NYfL331eg=="],

    "@biomejs/cli-win32-x64": ["@biomejs/cli-win32-x64@2.0.0-beta.4", "", { "os": "win32", "cpu": "x64" }, "sha512-2eGsMOwtm8mvicKMkegV2DW2EH0vQPF0Skt9n4enoFk8ABFtoxherTG8Us1fwlBrk9tA7gcshrdUilu35BmZdA=="],

    "@emnapi/core": ["@emnapi/core@1.4.3", "", { "dependencies": { "@emnapi/wasi-threads": "1.0.2", "tslib": "^2.4.0" } }, "sha512-4m62DuCE07lw01soJwPiBGC0nAww0Q+RY70VZ+n49yDIO13yyinhbWCeNnaob0lakDtWQzSdtNWzJeOJt2ma+g=="],

    "@emnapi/runtime": ["@emnapi/runtime@1.4.3", "", { "dependencies": { "tslib": "^2.4.0" } }, "sha512-pBPWdu6MLKROBX05wSNKcNb++m5Er+KQ9QkB+WVM+pW2Kx9hoSrVTnu3BdkI5eBLZoKu/J6mW/B6i6bJB2ytXQ=="],

    "@emnapi/wasi-threads": ["@emnapi/wasi-threads@1.0.2", "", { "dependencies": { "tslib": "^2.4.0" } }, "sha512-5n3nTJblwRi8LlXkJ9eBzu+kZR8Yxcc7ubakyQTFzPMtIhFpUBRbsnc2Dv88IZDIbCDlBiWrknhB4Lsz7mg6BA=="],

    "@floating-ui/utils": ["@floating-ui/utils@0.2.9", "", {}, "sha512-MDWhGtE+eHw5JW7lq4qhc5yRLS11ERl1c7Z6Xd0a58DozHES6EnNNwUWbMiG4J9Cgj053Bhk8zvlhFYKVhULwg=="],

    "@fontsource/roboto": ["@fontsource/roboto@5.2.5", "", {}, "sha512-70r2UZ0raqLn5W+sPeKhqlf8wGvUXFWlofaDlcbt/S3d06+17gXKr3VNqDODB0I1ASme3dGT5OJj9NABt7OTZQ=="],

    "@fontsource/roboto-mono": ["@fontsource/roboto-mono@5.2.5", "", {}, "sha512-P1wrUBMFWfr+tuUIY10MzdRTBcl9f011CbZV1fXqcCk40Xmtn91l1V1daVuQ+JPctYEVYazabvaK+sUEThgnyw=="],

    "@lit-labs/ssr-dom-shim": ["@lit-labs/ssr-dom-shim@1.3.0", "", {}, "sha512-nQIWonJ6eFAvUUrSlwyHDm/aE8PBDu5kRpL0vHMg6K8fK3Diq1xdPjTnsJSwxABhaZ+5eBi1btQB5ShUTKo4nQ=="],

    "@lit/localize": ["@lit/localize@0.12.2", "", { "dependencies": { "lit": "^3.2.0" } }, "sha512-Qv9kvgJKDq/JVSwXOxuWvQnnOBysHA99ti9im9a4fImCmx+fto+XXcUYQbjZHqiueEEc4V20PcRDPO+1g/6seQ=="],

    "@lit/reactive-element": ["@lit/reactive-element@2.1.0", "", { "dependencies": { "@lit-labs/ssr-dom-shim": "^1.2.0" } }, "sha512-L2qyoZSQClcBmq0qajBVbhYEcG6iK0XfLn66ifLe/RfC0/ihpc+pl0Wdn8bJ8o+hj38cG0fGXRgSS20MuXn7qA=="],

    "@material/material-color-utilities": ["@material/material-color-utilities@0.3.0", "", {}, "sha512-ztmtTd6xwnuh2/xu+Vb01btgV8SQWYCaK56CkRK8gEkWe5TuDyBcYJ0wgkMRn+2VcE9KUmhvkz+N9GHrqw/C0g=="],

    "@mdui/icons": ["@mdui/icons@1.0.3", "", { "dependencies": { "@mdui/shared": "^1.0.8", "lit": "^3.3.0", "tslib": "^2.8.1" } }, "sha512-Jq9juUqIJMBvIRSTr0qBKiqnlbY5pVUzUP20EHSN8dT7GcqN7bq0AL8MASL5DxKs09kgcERq+z5bHJOkz/VDlA=="],

    "@mdui/jq": ["@mdui/jq@3.0.3", "", { "dependencies": { "ssr-window": "^5.0.0", "tslib": "^2.8.1" } }, "sha512-nI8QK9UPHhiIbECrC1aMdLXNxP6WgUtC9XwRPs/e56FtwduePyxPyloXmgU8VYw85i6TtYdgClHS9tW8JweNZA=="],

    "@mdui/shared": ["@mdui/shared@1.0.8", "", { "dependencies": { "@lit/reactive-element": "^2.1.0", "@mdui/jq": "^3.0.3", "lit": "^3.3.0", "ssr-window": "^5.0.0", "tslib": "^2.8.1" } }, "sha512-YY863fjHBuk8KtiO4uLDm1YyIVdGrWv4xUxfv8jP32WqIQBkSTbV7HN8jnKXXIej0NFP7pU89yGr4GJYzVszPg=="],

    "@napi-rs/wasm-runtime": ["@napi-rs/wasm-runtime@0.2.10", "", { "dependencies": { "@emnapi/core": "^1.4.3", "@emnapi/runtime": "^1.4.3", "@tybys/wasm-util": "^0.9.0" } }, "sha512-bCsCyeZEwVErsGmyPNSzwfwFn4OdxBj0mmv6hOFucB/k81Ojdu68RbZdxYsRQUPc9l6SU5F/cG+bXgWs3oUgsQ=="],

    "@oxc-project/types": ["@oxc-project/types@0.65.0", "", {}, "sha512-7MpMzyXCcwxrTxJ4L0siy63Ds/LA8LAM4szumTFiynxTJkfrIZEV4PyR4Th0CqFZQ+oNi8WvW3Dr1MLy7o9qPQ=="],

    "@rolldown/binding-darwin-arm64": ["@rolldown/binding-darwin-arm64@1.0.0-beta.8", "", { "os": "darwin", "cpu": "arm64" }, "sha512-4cwzBnUvPUVdjUMo9uFkcTvj+Z6IXaN/YJSz1RuI/DG5+vlQ9wYfKeDkvb1nsrhi4ZJ99OInOw1Vh/n2ReX8rA=="],

    "@rolldown/binding-darwin-x64": ["@rolldown/binding-darwin-x64@1.0.0-beta.8", "", { "os": "darwin", "cpu": "x64" }, "sha512-BYI7UXc0UqjdpmEyNpxulv8cYbTdL7zLzIr6GDdIvHH7fe/pKTmC9GpvkpF/j2cyP0SUKTd6ExX7nFDNDqKMBw=="],

    "@rolldown/binding-freebsd-x64": ["@rolldown/binding-freebsd-x64@1.0.0-beta.8", "", { "os": "freebsd", "cpu": "x64" }, "sha512-KsX/nuGiuNugIeBelN7M7c/8kzcAW6IfH080z9IrIrlCaGa+xwjqMAf7JuYLZo82uokFq8nql0YpQIazFwFR0Q=="],

    "@rolldown/binding-linux-arm-gnueabihf": ["@rolldown/binding-linux-arm-gnueabihf@1.0.0-beta.8", "", { "os": "linux", "cpu": "arm" }, "sha512-IzmoAB9J9iOnoC2Nb6AlyIPPULcbLb0qtJDq21+95u/qiE2GYtI5M4aNudbAIdyv0MU4SAdhkG2sXjMo79H/Zg=="],

    "@rolldown/binding-linux-arm64-gnu": ["@rolldown/binding-linux-arm64-gnu@1.0.0-beta.8", "", { "os": "linux", "cpu": "arm64" }, "sha512-nGtOvVKMywOlqoFiMJgILgCpdVcPe0psH1oCWtieMyFFU/v2h2ucjstAEeCOe+JfMVVA7OpdNoWKc54Y1V7gGw=="],

    "@rolldown/binding-linux-arm64-musl": ["@rolldown/binding-linux-arm64-musl@1.0.0-beta.8", "", { "os": "linux", "cpu": "arm64" }, "sha512-paTZphpweKHNwlIu0JTAJCddn/psFzNUaKeGEY4vTQEqDcewKp9SsxN7240ao1eqTYy6TMFJiX6Ej2ym93MkSQ=="],

    "@rolldown/binding-linux-x64-gnu": ["@rolldown/binding-linux-x64-gnu@1.0.0-beta.8", "", { "os": "linux", "cpu": "x64" }, "sha512-Pdt5iaG/wlWTvEz1lZ3kDkmVXM7DxQXPFZUX/UjDnUyxf4vSgxszbSx1tiNdU0D9v1IISgBapANSwJOGtF1lWw=="],

    "@rolldown/binding-linux-x64-musl": ["@rolldown/binding-linux-x64-musl@1.0.0-beta.8", "", { "os": "linux", "cpu": "x64" }, "sha512-8LoLgKq+Wb030p+tzw0JrOrbJrR2wmqfARX1CHIhge8LBoxd2lfHtWfkg23qRa1S8So/nBZBhrQsg2kXUkpwxw=="],

    "@rolldown/binding-wasm32-wasi": ["@rolldown/binding-wasm32-wasi@1.0.0-beta.8", "", { "dependencies": { "@napi-rs/wasm-runtime": "^0.2.4" }, "cpu": "none" }, "sha512-+2y9Omf9tZRR44Y4EYqm3/Zq2f4Tv+Gh8NsExFWM6WpQZI3HyIB07lrTNQfOJgKSsAiUisnbjiPVTkiH5miy1w=="],

    "@rolldown/binding-win32-arm64-msvc": ["@rolldown/binding-win32-arm64-msvc@1.0.0-beta.8", "", { "os": "win32", "cpu": "arm64" }, "sha512-bt5AOleb2yp+Br9Yzew+jbSEGjLoqGwknH0xhK8QkhXKx31sJLseaP7nFXr6JaEbmL4DVmAVgrOcyLzLbR6+Mw=="],

    "@rolldown/binding-win32-ia32-msvc": ["@rolldown/binding-win32-ia32-msvc@1.0.0-beta.8", "", { "os": "win32", "cpu": "ia32" }, "sha512-Fa1OH6eUWtjBNNkKiSSq1fHVMuiqQ+Bi9uMNJz7gBFgjNiAB9k9rQr0j9eF1k4H6lXFkuoN5P7pXty6aBh93Cw=="],

    "@rolldown/binding-win32-x64-msvc": ["@rolldown/binding-win32-x64-msvc@1.0.0-beta.8", "", { "os": "win32", "cpu": "x64" }, "sha512-hR81d84Poe6oIxaz4PnWBLVF0VuqtRfISIyXQAgk2etu2udrKnWKr3A+xqXe9ELjbLlRYGvEm2dlw/cldO9Kxg=="],

    "@speed-highlight/core": ["@speed-highlight/core@1.2.7", "", {}, "sha512-0dxmVj4gxg3Jg879kvFS/msl4s9F3T9UXC1InxgOf7t5NvcPD97u/WTA5vL/IxWHMn7qSxBozqrnnE2wvl1m8g=="],

    "@tybys/wasm-util": ["@tybys/wasm-util@0.9.0", "", { "dependencies": { "tslib": "^2.4.0" } }, "sha512-6+7nlbMVX/PVDCwaIQ8nTOPveOcFLSt8GcXdx8hD0bt39uWxYT88uXzqTd4fTvqta7oeUJqudepapKNt2DYJFw=="],

    "@types/bun": ["@types/bun@1.2.12", "", { "dependencies": { "bun-types": "1.2.12" } }, "sha512-lY/GQTXDGsolT/TiH72p1tuyUORuRrdV7VwOTOjDOt8uTBJQOJc5zz3ufwwDl0VBaoxotSk4LdP0hhjLJ6ypIQ=="],

    "@types/node": ["@types/node@22.14.1", "", { "dependencies": { "undici-types": "~6.21.0" } }, "sha512-u0HuPQwe/dHrItgHHpmw3N2fYCR6x4ivMNbPHRkBVP4CvN+kiRrKHWk3i8tXiO/joPwXLMYvF9TTF0eqgHIuOw=="],

    "@types/trusted-types": ["@types/trusted-types@2.0.7", "", {}, "sha512-ScaPdn1dQczgbl0QFTeTOmVHFULt394XJgOQNoyVhZ6r2vLnMLJfBPd53SB52T/3G36VI1/g2MZaX0cwDuXsfw=="],

    "@valibot/to-json-schema": ["@valibot/to-json-schema@1.0.0", "", { "peerDependencies": { "valibot": "^1.0.0" } }, "sha512-/9crJgPptVsGCL6X+JPDQyaJwkalSZ/52WuF8DiRUxJgcmpNdzYRfZ+gqMEP8W3CTVfuMWPqqvIgfwJ97f9Etw=="],

    "ansis": ["ansis@3.17.0", "", {}, "sha512-0qWUglt9JEqLFr3w1I1pbrChn1grhaiAR2ocX1PP/flRmxgtwTzPFFFnfIlD6aMOLQZgSuCRlidD70lvx8yhzg=="],

    "bun-types": ["bun-types@1.2.12", "", { "dependencies": { "@types/node": "*" } }, "sha512-tvWMx5vPqbRXgE8WUZI94iS1xAYs8bkqESR9cxBB1Wi+urvfTrF1uzuDgBHFAdO0+d2lmsbG3HmeKMvUyj6pWA=="],

    "classcat": ["classcat@5.0.5", "", {}, "sha512-JhZUT7JFcQy/EzW605k/ktHtncoo9vnyW/2GspNYwFlN1C/WmjuV/xtS04e9SOkL2sTdw0VAZ2UGCcQ9lR6p6w=="],

    "is-promise": ["is-promise@4.0.0", "", {}, "sha512-hvpoI6korhJMnej285dSg6nu1+e6uxs7zG3BYAm5byqDsgJNWwxzM6z6iZiAgQR4TJ30JmBTOwqZUw3WlyH3AQ=="],

    "lit": ["lit@3.3.0", "", { "dependencies": { "@lit/reactive-element": "^2.1.0", "lit-element": "^4.2.0", "lit-html": "^3.3.0" } }, "sha512-DGVsqsOIHBww2DqnuZzW7QsuCdahp50ojuDaBPC7jUDRpYoH0z7kHBBYZewRzer75FwtrkmkKk7iOAwSaWdBmw=="],

    "lit-element": ["lit-element@4.2.0", "", { "dependencies": { "@lit-labs/ssr-dom-shim": "^1.2.0", "@lit/reactive-element": "^2.1.0", "lit-html": "^3.3.0" } }, "sha512-MGrXJVAI5x+Bfth/pU9Kst1iWID6GHDLEzFEnyULB/sFiRLgkd8NPK/PeeXxktA3T6EIIaq8U3KcbTU5XFcP2Q=="],

    "lit-html": ["lit-html@3.3.0", "", { "dependencies": { "@types/trusted-types": "^2.0.2" } }, "sha512-RHoswrFAxY2d8Cf2mm4OZ1DgzCoBKUKSPvA1fhtSELxUERq2aQQ2h05pO9j81gS1o7RIRJ+CePLogfyahwmynw=="],

    "mdui": ["mdui@2.1.4", "", { "dependencies": { "@floating-ui/utils": "^0.2.9", "@lit/localize": "^0.12.2", "@lit/reactive-element": "^2.1.0", "@material/material-color-utilities": "^0.3.0", "@mdui/jq": "^3.0.3", "@mdui/shared": "^1.0.8", "classcat": "^5.0.5", "is-promise": "^4.0.0", "lit": "^3.3.0", "ssr-window": "^5.0.0", "tslib": "^2.8.1" } }, "sha512-QtK5xia5HXtVO7yH30QjwvvNruw5JdrJL1MEc1k6S/ZfsbHOj6BxxdYjrdv2HiN5ikkGqt5CIbZdFyq6shaZyw=="],

    "reconnecting-websocket": ["reconnecting-websocket@4.4.0", "", {}, "sha512-D2E33ceRPga0NvTDhJmphEgJ7FUYF0v4lr1ki0csq06OdlxKfugGzN0dSkxM/NfqCxYELK4KcaTOUOjTV6Dcng=="],

    "rolldown": ["rolldown@1.0.0-beta.8", "", { "dependencies": { "@oxc-project/types": "0.65.0", "@valibot/to-json-schema": "1.0.0", "ansis": "^3.17.0", "valibot": "1.0.0" }, "optionalDependencies": { "@rolldown/binding-darwin-arm64": "1.0.0-beta.8", "@rolldown/binding-darwin-x64": "1.0.0-beta.8", "@rolldown/binding-freebsd-x64": "1.0.0-beta.8", "@rolldown/binding-linux-arm-gnueabihf": "1.0.0-beta.8", "@rolldown/binding-linux-arm64-gnu": "1.0.0-beta.8", "@rolldown/binding-linux-arm64-musl": "1.0.0-beta.8", "@rolldown/binding-linux-x64-gnu": "1.0.0-beta.8", "@rolldown/binding-linux-x64-musl": "1.0.0-beta.8", "@rolldown/binding-wasm32-wasi": "1.0.0-beta.8", "@rolldown/binding-win32-arm64-msvc": "1.0.0-beta.8", "@rolldown/binding-win32-ia32-msvc": "1.0.0-beta.8", "@rolldown/binding-win32-x64-msvc": "1.0.0-beta.8" }, "peerDependencies": { "@oxc-project/runtime": "0.65.0" }, "optionalPeers": ["@oxc-project/runtime"], "bin": { "rolldown": "bin/cli.mjs" } }, "sha512-lwctoQjonOosxGhVbuoIARk8TNO2roqAh/ArhNmT/e/INMN+fzO0++yCypVZLZczOdgTARrYmsOEnTgMOt9sSg=="],

    "ssr-window": ["ssr-window@5.0.0", "", {}, "sha512-3Iqawoo0DkAaUEScd80SYq3I5clEFDVy//DdzjHXACj/hqcKzsnMzRZ1yHRj+r5dW3UeXNs30ofnhP6YSWg5iA=="],

    "tslib": ["tslib@2.8.1", "", {}, "sha512-oJFu94HQb+KVduSUQL7wnpmqnfmLsOA/nAh6b6EH0wCEoK0/mPeXU6c3wKDV83MkOuHPRHtSXKKU99IBazS/2w=="],

    "tsx-dom": ["tsx-dom@3.1.0", "", { "dependencies": { "tsx-dom-types": "2.1.0" } }, "sha512-PGN7iL6zNC4Jj7bA1groSIz5mFB3Rr+SeoywZk2g4+c9uV8wwzCf+5tFQ8SyZxQIBHech3ueB0KxV3OFieqhOA=="],

    "tsx-dom-types": ["tsx-dom-types@2.1.0", "", {}, "sha512-pZaMTrMRNom+D1b82K+1cWVMuogXrD/ANI42UYxilw27tF+tDCgj7GrD1XLmCxbHPDO2zxfmFuaz04KIEfWydQ=="],

    "typescript": ["typescript@5.8.3", "", { "bin": { "tsc": "bin/tsc", "tsserver": "bin/tsserver" } }, "sha512-p1diW6TqL9L07nNxvRMM7hMMw4c5XOo/1ibL4aAIGmSAt9slTE1Xgw5KWuof2uTOvCg9BY7ZRi+GaF+7sfgPeQ=="],

    "undici-types": ["undici-types@6.21.0", "", {}, "sha512-iwDZqg0QAGrg9Rav5H4n0M64c3mkR59cJ6wQp+7C4nI0gsmExaedaYLNO44eT4AtBBwjbTiGPMlt2Md0T9H9JQ=="],

    "valibot": ["valibot@1.0.0", "", { "peerDependencies": { "typescript": ">=5" }, "optionalPeers": ["typescript"] }, "sha512-1Hc0ihzWxBar6NGeZv7fPLY0QuxFMyxwYR2sF1Blu7Wq7EnremwY2W02tit2ij2VJT8HcSkHAQqmFfl77f73Yw=="],
  }
}
